
Microsoft Visual Studio Solution File, Format Version 12.00
# Visual Studio Version 17
VisualStudioVersion = 17.5.33502.453
MinimumVisualStudioVersion = 10.0.40219.1
Project("{FAE04EC0-301F-11D3-BF4B-00C04F79EFBC}") = "SwapMouseButtons", "SwapMouseButtons.csproj", "{8FB8CB1C-B3F5-4747-9839-3A2BEEB0E7EE}"
EndProject
Global
	GlobalSection(SolutionConfigurationPlatforms) = preSolution
		Debug|Any CPU = Debug|Any CPU
		Release|Any CPU = Release|Any CPU
	EndGlobalSection
	GlobalSection(ProjectConfigurationPlatforms) = postSolution
		{8FB8CB1C-B3F5-4747-9839-3A2BEEB0E7EE}.Debug|Any CPU.ActiveCfg = Debug|Any CPU
		{8FB8CB1C-B3F5-4747-9839-3A2BEEB0E7EE}.Debug|Any CPU.Build.0 = Debug|Any CPU
		{8FB8CB1C-B3F5-4747-9839-3A2BEEB0E7EE}.Release|Any CPU.ActiveCfg = Release|Any CPU
		{8FB8CB1C-B3F5-4747-9839-3A2BEEB0E7EE}.Release|Any CPU.Build.0 = Release|Any CPU
	EndGlobalSection
	GlobalSection(SolutionProperties) = preSolution
		HideSolutionNode = FALSE
	EndGlobalSection
	GlobalSection(ExtensibilityGlobals) = postSolution
		SolutionGuid = {3B7FC147-54F7-4DD8-8F47-F984251C1C7F}
	EndGlobalSection
EndGlobal
