
Microsoft Visual Studio Solution File, Format Version 12.00
# Visual Studio Version 17
VisualStudioVersion = 17.2.32630.192
MinimumVisualStudioVersion = 10.0.40219.1
Project("{FAE04EC0-301F-11D3-BF4B-00C04F79EFBC}") = "ColourBlind", "ColourBlind\ColourBlind.csproj", "{06894A4C-A124-4814-A833-B56253FB387F}"
EndProject
Global
	GlobalSection(SolutionConfigurationPlatforms) = preSolution
		Debug|Any CPU = Debug|Any CPU
		Release|Any CPU = Release|Any CPU
	EndGlobalSection
	GlobalSection(ProjectConfigurationPlatforms) = postSolution
		{06894A4C-A124-4814-A833-B56253FB387F}.Debug|Any CPU.ActiveCfg = Debug|Any CPU
		{06894A4C-A124-4814-A833-B56253FB387F}.Debug|Any CPU.Build.0 = Debug|Any CPU
		{06894A4C-A124-4814-A833-B56253FB387F}.Release|Any CPU.ActiveCfg = Release|Any CPU
		{06894A4C-A124-4814-A833-B56253FB387F}.Release|Any CPU.Build.0 = Release|Any CPU
	EndGlobalSection
	GlobalSection(SolutionProperties) = preSolution
		HideSolutionNode = FALSE
	EndGlobalSection
	GlobalSection(ExtensibilityGlobals) = postSolution
		SolutionGuid = {5DEB3502-941B-48D8-89B2-6A3E01BAE670}
	EndGlobalSection
EndGlobal
