
Microsoft Visual Studio Solution File, Format Version 12.00
# Visual Studio Version 17
VisualStudioVersion = 17.9.34622.214
MinimumVisualStudioVersion = 10.0.40219.1
Project("{9A19103F-16F7-4668-BE54-9A1E7A4F7556}") = "Bots.Forms", "Bots.Forms\Bots.Forms.csproj", "{2060D11D-7AD3-4CB6-8B25-911A8951C68B}"
EndProject
Project("{9A19103F-16F7-4668-BE54-9A1E7A4F7556}") = "Bots", "Bots\Bots.csproj", "{22464708-6F54-4067-BA6B-3D0DB17D256D}"
EndProject
Project("{FAE04EC0-301F-11D3-BF4B-00C04F79EFBC}") = "Bots.UnitTests", "Bots.UnitTests\Bots.UnitTests.csproj", "{1AD39E17-DA66-4D45-805B-A478F71C7CE7}"
EndProject
Global
	GlobalSection(SolutionConfigurationPlatforms) = preSolution
		Debug|Any CPU = Debug|Any CPU
		Release|Any CPU = Release|Any CPU
	EndGlobalSection
	GlobalSection(ProjectConfigurationPlatforms) = postSolution
		{2060D11D-7AD3-4CB6-8B25-911A8951C68B}.Debug|Any CPU.ActiveCfg = Debug|Any CPU
		{2060D11D-7AD3-4CB6-8B25-911A8951C68B}.Debug|Any CPU.Build.0 = Debug|Any CPU
		{2060D11D-7AD3-4CB6-8B25-911A8951C68B}.Release|Any CPU.ActiveCfg = Release|Any CPU
		{2060D11D-7AD3-4CB6-8B25-911A8951C68B}.Release|Any CPU.Build.0 = Release|Any CPU
		{22464708-6F54-4067-BA6B-3D0DB17D256D}.Debug|Any CPU.ActiveCfg = Debug|Any CPU
		{22464708-6F54-4067-BA6B-3D0DB17D256D}.Debug|Any CPU.Build.0 = Debug|Any CPU
		{22464708-6F54-4067-BA6B-3D0DB17D256D}.Release|Any CPU.ActiveCfg = Release|Any CPU
		{22464708-6F54-4067-BA6B-3D0DB17D256D}.Release|Any CPU.Build.0 = Release|Any CPU
		{1AD39E17-DA66-4D45-805B-A478F71C7CE7}.Debug|Any CPU.ActiveCfg = Debug|Any CPU
		{1AD39E17-DA66-4D45-805B-A478F71C7CE7}.Debug|Any CPU.Build.0 = Debug|Any CPU
		{1AD39E17-DA66-4D45-805B-A478F71C7CE7}.Release|Any CPU.ActiveCfg = Release|Any CPU
		{1AD39E17-DA66-4D45-805B-A478F71C7CE7}.Release|Any CPU.Build.0 = Release|Any CPU
	EndGlobalSection
	GlobalSection(SolutionProperties) = preSolution
		HideSolutionNode = FALSE
	EndGlobalSection
	GlobalSection(ExtensibilityGlobals) = postSolution
		SolutionGuid = {87A49024-C844-40C4-B8C2-2AFE6B4B0C8E}
	EndGlobalSection
EndGlobal
