
Microsoft Visual Studio Solution File, Format Version 12.00
# Visual Studio 15
VisualStudioVersion = 15.0.26430.4
MinimumVisualStudioVersion = 10.0.40219.1
Project("{FAE04EC0-301F-11D3-BF4B-00C04F79EFBC}") = "DragonMania.MapPlacement", "DragonMania.MapPlacement\DragonMania.MapPlacement.csproj", "{BE73FE90-8A77-4462-B6F5-AC7F15362161}"
EndProject
Global
	GlobalSection(SolutionConfigurationPlatforms) = preSolution
		Debug|Any CPU = Debug|Any CPU
		Release|Any CPU = Release|Any CPU
	EndGlobalSection
	GlobalSection(ProjectConfigurationPlatforms) = postSolution
		{BE73FE90-8A77-4462-B6F5-AC7F15362161}.Debug|Any CPU.ActiveCfg = Debug|Any CPU
		{BE73FE90-8A77-4462-B6F5-AC7F15362161}.Debug|Any CPU.Build.0 = Debug|Any CPU
		{BE73FE90-8A77-4462-B6F5-AC7F15362161}.Release|Any CPU.ActiveCfg = Release|Any CPU
		{BE73FE90-8A77-4462-B6F5-AC7F15362161}.Release|Any CPU.Build.0 = Release|Any CPU
	EndGlobalSection
	GlobalSection(SolutionProperties) = preSolution
		HideSolutionNode = FALSE
	EndGlobalSection
EndGlobal
