
Microsoft Visual Studio Solution File, Format Version 12.00
# Visual Studio 15
VisualStudioVersion = 15.0.26730.15
MinimumVisualStudioVersion = 10.0.40219.1
Project("{FAE04EC0-301F-11D3-BF4B-00C04F79EFBC}") = "NodeNetwork", "NodeNetwork\NodeNetwork.csproj", "{9F002F2E-A416-4A05-8F15-35ABD939334F}"
EndProject
Project("{FAE04EC0-301F-11D3-BF4B-00C04F79EFBC}") = "NodeNetwork.Designer", "NodeNetwork.Designer\NodeNetwork.Designer.csproj", "{68E5A746-D4F2-44D6-ABF8-CFF7D2A5C06F}"
EndProject
Global
	GlobalSection(SolutionConfigurationPlatforms) = preSolution
		Debug|Any CPU = Debug|Any CPU
		Release|Any CPU = Release|Any CPU
	EndGlobalSection
	GlobalSection(ProjectConfigurationPlatforms) = postSolution
		{9F002F2E-A416-4A05-8F15-35ABD939334F}.Debug|Any CPU.ActiveCfg = Debug|Any CPU
		{9F002F2E-A416-4A05-8F15-35ABD939334F}.Debug|Any CPU.Build.0 = Debug|Any CPU
		{9F002F2E-A416-4A05-8F15-35ABD939334F}.Release|Any CPU.ActiveCfg = Release|Any CPU
		{9F002F2E-A416-4A05-8F15-35ABD939334F}.Release|Any CPU.Build.0 = Release|Any CPU
		{68E5A746-D4F2-44D6-ABF8-CFF7D2A5C06F}.Debug|Any CPU.ActiveCfg = Debug|Any CPU
		{68E5A746-D4F2-44D6-ABF8-CFF7D2A5C06F}.Debug|Any CPU.Build.0 = Debug|Any CPU
		{68E5A746-D4F2-44D6-ABF8-CFF7D2A5C06F}.Release|Any CPU.ActiveCfg = Release|Any CPU
		{68E5A746-D4F2-44D6-ABF8-CFF7D2A5C06F}.Release|Any CPU.Build.0 = Release|Any CPU
	EndGlobalSection
	GlobalSection(SolutionProperties) = preSolution
		HideSolutionNode = FALSE
	EndGlobalSection
	GlobalSection(ExtensibilityGlobals) = postSolution
		SolutionGuid = {9F52D540-91A2-4431-9EA0-924B7DC0AE3D}
	EndGlobalSection
EndGlobal
