
Microsoft Visual Studio Solution File, Format Version 12.00
# Visual Studio Version 17
VisualStudioVersion = 17.10.35013.160
MinimumVisualStudioVersion = 10.0.40219.1
Project("{FAE04EC0-301F-11D3-BF4B-00C04F79EFBC}") = "StarCoder", "StarCoder\StarCoder.csproj", "{DE29F3B0-7910-4C0A-8C9A-0183CFF8F58E}"
EndProject
Project("{2150E333-8FDC-42A3-9474-1A3956D46DE8}") = "Solution Items", "Solution Items", "{4E6C7D3E-EE0B-48F5-B8FF-C558560B4BEE}"
	ProjectSection(SolutionItems) = preProject
		.editorconfig = .editorconfig
	EndProjectSection
EndProject
Global
	GlobalSection(SolutionConfigurationPlatforms) = preSolution
		Debug|Any CPU = Debug|Any CPU
		Release|Any CPU = Release|Any CPU
	EndGlobalSection
	GlobalSection(ProjectConfigurationPlatforms) = postSolution
		{DE29F3B0-7910-4C0A-8C9A-0183CFF8F58E}.Debug|Any CPU.ActiveCfg = Debug|Any CPU
		{DE29F3B0-7910-4C0A-8C9A-0183CFF8F58E}.Debug|Any CPU.Build.0 = Debug|Any CPU
		{DE29F3B0-7910-4C0A-8C9A-0183CFF8F58E}.Release|Any CPU.ActiveCfg = Release|Any CPU
		{DE29F3B0-7910-4C0A-8C9A-0183CFF8F58E}.Release|Any CPU.Build.0 = Release|Any CPU
	EndGlobalSection
	GlobalSection(SolutionProperties) = preSolution
		HideSolutionNode = FALSE
	EndGlobalSection
	GlobalSection(ExtensibilityGlobals) = postSolution
		SolutionGuid = {94AEF43E-CCBA-440B-ADA3-6DCCB3D14912}
	EndGlobalSection
EndGlobal
