
Microsoft Visual Studio Solution File, Format Version 12.00
# Visual Studio Version 16
VisualStudioVersion = 16.0.32106.194
MinimumVisualStudioVersion = 10.0.40219.1
Project("{FAE04EC0-301F-11D3-BF4B-00C04F79EFBC}") = "GraphSolver", "GraphSolver\GraphSolver.csproj", "{ACD65309-3DCF-435B-B1C6-B00764F46F08}"
EndProject
Project("{FAE04EC0-301F-11D3-BF4B-00C04F79EFBC}") = "GraphSolver.UnitTests", "GraphSolver.UnitTests\GraphSolver.UnitTests.csproj", "{EA93F803-1336-49FC-A9D3-044D31E72694}"
EndProject
Global
	GlobalSection(SolutionConfigurationPlatforms) = preSolution
		Debug|Any CPU = Debug|Any CPU
		Release|Any CPU = Release|Any CPU
	EndGlobalSection
	GlobalSection(ProjectConfigurationPlatforms) = postSolution
		{ACD65309-3DCF-435B-B1C6-B00764F46F08}.Debug|Any CPU.ActiveCfg = Debug|Any CPU
		{ACD65309-3DCF-435B-B1C6-B00764F46F08}.Debug|Any CPU.Build.0 = Debug|Any CPU
		{ACD65309-3DCF-435B-B1C6-B00764F46F08}.Release|Any CPU.ActiveCfg = Release|Any CPU
		{ACD65309-3DCF-435B-B1C6-B00764F46F08}.Release|Any CPU.Build.0 = Release|Any CPU
		{EA93F803-1336-49FC-A9D3-044D31E72694}.Debug|Any CPU.ActiveCfg = Debug|Any CPU
		{EA93F803-1336-49FC-A9D3-044D31E72694}.Debug|Any CPU.Build.0 = Debug|Any CPU
		{EA93F803-1336-49FC-A9D3-044D31E72694}.Release|Any CPU.ActiveCfg = Release|Any CPU
		{EA93F803-1336-49FC-A9D3-044D31E72694}.Release|Any CPU.Build.0 = Release|Any CPU
	EndGlobalSection
	GlobalSection(SolutionProperties) = preSolution
		HideSolutionNode = FALSE
	EndGlobalSection
	GlobalSection(ExtensibilityGlobals) = postSolution
		SolutionGuid = {7B5A0661-421A-4FC0-B35A-3173F0435B9C}
	EndGlobalSection
EndGlobal
